
Microsoft Visual Studio Solution File, Format Version 12.00
# Visual Studio Version 17
VisualStudioVersion = 17.4.33205.214
MinimumVisualStudioVersion = 10.0.40219.1
Project("{FAE04EC0-301F-11D3-BF4B-00C04F79EFBC}") = "MinhaDemoMvc", "MinhaDemoMvc\MinhaDemoMvc.csproj", "{BC265537-00C2-4FB0-8B72-DF3EAB3A072E}"
EndProject
Global
	GlobalSection(SolutionConfigurationPlatforms) = preSolution
		Debug|Any CPU = Debug|Any CPU
		Release|Any CPU = Release|Any CPU
	EndGlobalSection
	GlobalSection(ProjectConfigurationPlatforms) = postSolution
		{BC265537-00C2-4FB0-8B72-DF3EAB3A072E}.Debug|Any CPU.ActiveCfg = Debug|Any CPU
		{BC265537-00C2-4FB0-8B72-DF3EAB3A072E}.Debug|Any CPU.Build.0 = Debug|Any CPU
		{BC265537-00C2-4FB0-8B72-DF3EAB3A072E}.Release|Any CPU.ActiveCfg = Release|Any CPU
		{BC265537-00C2-4FB0-8B72-DF3EAB3A072E}.Release|Any CPU.Build.0 = Release|Any CPU
	EndGlobalSection
	GlobalSection(SolutionProperties) = preSolution
		HideSolutionNode = FALSE
	EndGlobalSection
	GlobalSection(ExtensibilityGlobals) = postSolution
		SolutionGuid = {2FE6C664-FE50-408D-B230-5F6B78C0D621}
	EndGlobalSection
EndGlobal
